
Microsoft Visual Studio Solution File, Format Version 12.00
# Visual Studio Version 16
VisualStudioVersion = 16.0.31424.327
MinimumVisualStudioVersion = 10.0.40219.1
Project("{FAE04EC0-301F-11D3-BF4B-00C04F79EFBC}") = "ActivityWebApi", "ActivityWebApi.csproj", "{0CC51039-EE43-4E65-97BF-0608EE17385C}"
EndProject
Project("{FAE04EC0-301F-11D3-BF4B-00C04F79EFBC}") = "ProjectXBL", "..\ProjectXBL\ProjectXBL.csproj", "{87859224-C52A-4C22-9563-0D0A346CD4C8}"
EndProject
Project("{FAE04EC0-301F-11D3-BF4B-00C04F79EFBC}") = "ProjectXDAL", "..\ProjectXDAL\ProjectXDAL.csproj", "{97B75BE4-A6BB-4E6F-B965-F91B22CCD0D9}"
EndProject
Project("{FAE04EC0-301F-11D3-BF4B-00C04F79EFBC}") = "ProjectXDTO", "..\ProjectXDTO\ProjectXDTO.csproj", "{937053C2-69D0-4610-9BC1-C3193C9583E7}"
EndProject
Project("{FAE04EC0-301F-11D3-BF4B-00C04F79EFBC}") = "ProjectXUI", "..\ProjectXUI\ProjectXUI.csproj", "{7E82A6E8-41FD-4DB1-A672-87517B94E387}"
EndProject
Global
	GlobalSection(SolutionConfigurationPlatforms) = preSolution
		Debug|Any CPU = Debug|Any CPU
		Release|Any CPU = Release|Any CPU
	EndGlobalSection
	GlobalSection(ProjectConfigurationPlatforms) = postSolution
		{0CC51039-EE43-4E65-97BF-0608EE17385C}.Debug|Any CPU.ActiveCfg = Debug|Any CPU
		{0CC51039-EE43-4E65-97BF-0608EE17385C}.Debug|Any CPU.Build.0 = Debug|Any CPU
		{0CC51039-EE43-4E65-97BF-0608EE17385C}.Release|Any CPU.ActiveCfg = Release|Any CPU
		{0CC51039-EE43-4E65-97BF-0608EE17385C}.Release|Any CPU.Build.0 = Release|Any CPU
		{87859224-C52A-4C22-9563-0D0A346CD4C8}.Debug|Any CPU.ActiveCfg = Debug|Any CPU
		{87859224-C52A-4C22-9563-0D0A346CD4C8}.Debug|Any CPU.Build.0 = Debug|Any CPU
		{87859224-C52A-4C22-9563-0D0A346CD4C8}.Release|Any CPU.ActiveCfg = Release|Any CPU
		{87859224-C52A-4C22-9563-0D0A346CD4C8}.Release|Any CPU.Build.0 = Release|Any CPU
		{97B75BE4-A6BB-4E6F-B965-F91B22CCD0D9}.Debug|Any CPU.ActiveCfg = Debug|Any CPU
		{97B75BE4-A6BB-4E6F-B965-F91B22CCD0D9}.Debug|Any CPU.Build.0 = Debug|Any CPU
		{97B75BE4-A6BB-4E6F-B965-F91B22CCD0D9}.Release|Any CPU.ActiveCfg = Release|Any CPU
		{97B75BE4-A6BB-4E6F-B965-F91B22CCD0D9}.Release|Any CPU.Build.0 = Release|Any CPU
		{937053C2-69D0-4610-9BC1-C3193C9583E7}.Debug|Any CPU.ActiveCfg = Debug|Any CPU
		{937053C2-69D0-4610-9BC1-C3193C9583E7}.Debug|Any CPU.Build.0 = Debug|Any CPU
		{937053C2-69D0-4610-9BC1-C3193C9583E7}.Release|Any CPU.ActiveCfg = Release|Any CPU
		{937053C2-69D0-4610-9BC1-C3193C9583E7}.Release|Any CPU.Build.0 = Release|Any CPU
		{7E82A6E8-41FD-4DB1-A672-87517B94E387}.Debug|Any CPU.ActiveCfg = Debug|Any CPU
		{7E82A6E8-41FD-4DB1-A672-87517B94E387}.Debug|Any CPU.Build.0 = Debug|Any CPU
		{7E82A6E8-41FD-4DB1-A672-87517B94E387}.Release|Any CPU.ActiveCfg = Release|Any CPU
		{7E82A6E8-41FD-4DB1-A672-87517B94E387}.Release|Any CPU.Build.0 = Release|Any CPU
	EndGlobalSection
	GlobalSection(SolutionProperties) = preSolution
		HideSolutionNode = FALSE
	EndGlobalSection
	GlobalSection(ExtensibilityGlobals) = postSolution
		SolutionGuid = {29DADAF0-1C48-4336-AD14-55E21F4A5CC1}
	EndGlobalSection
EndGlobal
